
Microsoft Visual Studio Solution File, Format Version 12.00
# Visual Studio Version 17
VisualStudioVersion = 17.14.36414.22 d17.14
MinimumVisualStudioVersion = 10.0.40219.1
Project("{FAE04EC0-301F-11D3-BF4B-00C04F79EFBC}") = "CodeForge", "CodeForge.csproj", "{957ACE29-7C48-4CF4-8C5C-CE93F0937AAE}"
EndProject
Global
	GlobalSection(SolutionConfigurationPlatforms) = preSolution
		Debug|Any CPU = Debug|Any CPU
		Release|Any CPU = Release|Any CPU
	EndGlobalSection
	GlobalSection(ProjectConfigurationPlatforms) = postSolution
		{957ACE29-7C48-4CF4-8C5C-CE93F0937AAE}.Debug|Any CPU.ActiveCfg = Debug|Any CPU
		{957ACE29-7C48-4CF4-8C5C-CE93F0937AAE}.Debug|Any CPU.Build.0 = Debug|Any CPU
		{957ACE29-7C48-4CF4-8C5C-CE93F0937AAE}.Release|Any CPU.ActiveCfg = Release|Any CPU
		{957ACE29-7C48-4CF4-8C5C-CE93F0937AAE}.Release|Any CPU.Build.0 = Release|Any CPU
	EndGlobalSection
	GlobalSection(SolutionProperties) = preSolution
		HideSolutionNode = FALSE
	EndGlobalSection
	GlobalSection(ExtensibilityGlobals) = postSolution
		SolutionGuid = {6D4B00E1-23B6-46F7-A2D9-12C474E7623F}
	EndGlobalSection
EndGlobal
